
Microsoft Visual Studio Solution File, Format Version 12.00
# Visual Studio 15
VisualStudioVersion = 15.0.27428.2037
MinimumVisualStudioVersion = 10.0.40219.1
Project("{FAE04EC0-301F-11D3-BF4B-00C04F79EFBC}") = "week two-homework1", "week two-homework1\week two-homework1.csproj", "{87A60527-9F97-46D0-A913-4124C2902D87}"
EndProject
Project("{FAE04EC0-301F-11D3-BF4B-00C04F79EFBC}") = "week two-homework2", "week two-homework2\week two-homework2.csproj", "{6715E418-0895-43AA-8E1F-B727D3EA0324}"
EndProject
Project("{FAE04EC0-301F-11D3-BF4B-00C04F79EFBC}") = "week two-homework3", "week two-homework3\week two-homework3.csproj", "{ADDF65B3-096F-4317-84E6-E08E8982AF9A}"
EndProject
Global
	GlobalSection(SolutionConfigurationPlatforms) = preSolution
		Debug|Any CPU = Debug|Any CPU
		Release|Any CPU = Release|Any CPU
	EndGlobalSection
	GlobalSection(ProjectConfigurationPlatforms) = postSolution
		{87A60527-9F97-46D0-A913-4124C2902D87}.Debug|Any CPU.ActiveCfg = Debug|Any CPU
		{87A60527-9F97-46D0-A913-4124C2902D87}.Debug|Any CPU.Build.0 = Debug|Any CPU
		{87A60527-9F97-46D0-A913-4124C2902D87}.Release|Any CPU.ActiveCfg = Release|Any CPU
		{87A60527-9F97-46D0-A913-4124C2902D87}.Release|Any CPU.Build.0 = Release|Any CPU
		{6715E418-0895-43AA-8E1F-B727D3EA0324}.Debug|Any CPU.ActiveCfg = Debug|Any CPU
		{6715E418-0895-43AA-8E1F-B727D3EA0324}.Debug|Any CPU.Build.0 = Debug|Any CPU
		{6715E418-0895-43AA-8E1F-B727D3EA0324}.Release|Any CPU.ActiveCfg = Release|Any CPU
		{6715E418-0895-43AA-8E1F-B727D3EA0324}.Release|Any CPU.Build.0 = Release|Any CPU
		{ADDF65B3-096F-4317-84E6-E08E8982AF9A}.Debug|Any CPU.ActiveCfg = Debug|Any CPU
		{ADDF65B3-096F-4317-84E6-E08E8982AF9A}.Debug|Any CPU.Build.0 = Debug|Any CPU
		{ADDF65B3-096F-4317-84E6-E08E8982AF9A}.Release|Any CPU.ActiveCfg = Release|Any CPU
		{ADDF65B3-096F-4317-84E6-E08E8982AF9A}.Release|Any CPU.Build.0 = Release|Any CPU
	EndGlobalSection
	GlobalSection(SolutionProperties) = preSolution
		HideSolutionNode = FALSE
	EndGlobalSection
	GlobalSection(ExtensibilityGlobals) = postSolution
		SolutionGuid = {10E24D1B-3404-4080-AAFD-C559FFB94F36}
	EndGlobalSection
EndGlobal
